
Microsoft Visual Studio Solution File, Format Version 12.00
# Visual Studio Version 17
VisualStudioVersion = 17.1.32328.378
MinimumVisualStudioVersion = 10.0.40219.1
Project("{2150E333-8FDC-42A3-9474-1A3956D46DE8}") = "Tools.LockScreen", "Tools.LockScreen", "{438F5FA5-4217-4EF9-A80D-2703D01F6FB3}"
EndProject
Project("{2150E333-8FDC-42A3-9474-1A3956D46DE8}") = "Tools.QRCode", "Tools.QRCode", "{70A6EC48-1FA1-47A6-941F-0CF2DFFA381C}"
EndProject
Project("{9A19103F-16F7-4668-BE54-9A1E7A4F7556}") = "LockScreenPrevent", "Tools.LockScreen\LockScreenPrevent\LockScreenPrevent.csproj", "{6D7C839B-0C91-45F1-8CDA-D94632B7591D}"
EndProject
Project("{9A19103F-16F7-4668-BE54-9A1E7A4F7556}") = "QRCodeGenerate", "Tools.QRCode\QRCodeGenerate\QRCodeGenerate.csproj", "{C4E9EF60-0AC3-40C8-B5EA-3D23F71AAFC4}"
EndProject
Project("{2150E333-8FDC-42A3-9474-1A3956D46DE8}") = "Tools.SystemTool", "Tools.SystemTool", "{7A3DCE09-4415-4D44-83EC-D6C5C0A1690F}"
EndProject
Project("{9A19103F-16F7-4668-BE54-9A1E7A4F7556}") = "ClipBoardMonitorSave", "Tools.SystemTool\ClipBoardMonitorSave\ClipBoardMonitorSave.csproj", "{6B5B1266-ED74-4931-8598-77E5114F15F3}"
EndProject
Project("{2150E333-8FDC-42A3-9474-1A3956D46DE8}") = "解决方案项", "解决方案项", "{797C36B6-AF44-412E-BD9E-155A74CADCE8}"
	ProjectSection(SolutionItems) = preProject
		README.md = README.md
	EndProjectSection
EndProject
Project("{2150E333-8FDC-42A3-9474-1A3956D46DE8}") = "Tools.FileSystem", "Tools.FileSystem", "{52AF4F07-D1D0-4C76-835E-B792A73CE5B3}"
EndProject
Project("{9A19103F-16F7-4668-BE54-9A1E7A4F7556}") = "QRVideoEncoding.Console", "Tools.QRCode\QRVideoGenerate,Console\QRVideoEncoding.Console.csproj", "{E05ECB5F-2D13-4807-B02D-3DE66C78C818}"
EndProject
Project("{9A19103F-16F7-4668-BE54-9A1E7A4F7556}") = "QRVideoDecoding.Console", "Tools.QRCode\QRVideoDecoding.Console\QRVideoDecoding.Console.csproj", "{1495A6CE-4988-4C70-8CC9-DF0384AE5623}"
EndProject
Project("{9A19103F-16F7-4668-BE54-9A1E7A4F7556}") = "QRVideoEncoding.ConsoleShow", "Tools.QRCode\QRVideoEncoding.ConsoleShow\QRVideoEncoding.ConsoleShow.csproj", "{9F953C90-BDD8-498D-8CCF-8542D7D2590B}"
EndProject
Project("{9A19103F-16F7-4668-BE54-9A1E7A4F7556}") = "LibraryStander.FileToQRVideo", "Tools.QRCode\LibraryStander.FileToQRVideo\LibraryStander.FileToQRVideo.csproj", "{6EC71F5E-5D64-4503-ACC2-D12D04CC7BC6}"
EndProject
Global
	GlobalSection(SolutionConfigurationPlatforms) = preSolution
		Debug|Any CPU = Debug|Any CPU
		Release|Any CPU = Release|Any CPU
	EndGlobalSection
	GlobalSection(ProjectConfigurationPlatforms) = postSolution
		{6D7C839B-0C91-45F1-8CDA-D94632B7591D}.Debug|Any CPU.ActiveCfg = Debug|Any CPU
		{6D7C839B-0C91-45F1-8CDA-D94632B7591D}.Debug|Any CPU.Build.0 = Debug|Any CPU
		{6D7C839B-0C91-45F1-8CDA-D94632B7591D}.Release|Any CPU.ActiveCfg = Release|Any CPU
		{6D7C839B-0C91-45F1-8CDA-D94632B7591D}.Release|Any CPU.Build.0 = Release|Any CPU
		{C4E9EF60-0AC3-40C8-B5EA-3D23F71AAFC4}.Debug|Any CPU.ActiveCfg = Debug|Any CPU
		{C4E9EF60-0AC3-40C8-B5EA-3D23F71AAFC4}.Debug|Any CPU.Build.0 = Debug|Any CPU
		{C4E9EF60-0AC3-40C8-B5EA-3D23F71AAFC4}.Release|Any CPU.ActiveCfg = Release|Any CPU
		{C4E9EF60-0AC3-40C8-B5EA-3D23F71AAFC4}.Release|Any CPU.Build.0 = Release|Any CPU
		{6B5B1266-ED74-4931-8598-77E5114F15F3}.Debug|Any CPU.ActiveCfg = Debug|Any CPU
		{6B5B1266-ED74-4931-8598-77E5114F15F3}.Debug|Any CPU.Build.0 = Debug|Any CPU
		{6B5B1266-ED74-4931-8598-77E5114F15F3}.Release|Any CPU.ActiveCfg = Release|Any CPU
		{6B5B1266-ED74-4931-8598-77E5114F15F3}.Release|Any CPU.Build.0 = Release|Any CPU
		{E05ECB5F-2D13-4807-B02D-3DE66C78C818}.Debug|Any CPU.ActiveCfg = Debug|Any CPU
		{E05ECB5F-2D13-4807-B02D-3DE66C78C818}.Debug|Any CPU.Build.0 = Debug|Any CPU
		{E05ECB5F-2D13-4807-B02D-3DE66C78C818}.Release|Any CPU.ActiveCfg = Release|Any CPU
		{E05ECB5F-2D13-4807-B02D-3DE66C78C818}.Release|Any CPU.Build.0 = Release|Any CPU
		{1495A6CE-4988-4C70-8CC9-DF0384AE5623}.Debug|Any CPU.ActiveCfg = Debug|Any CPU
		{1495A6CE-4988-4C70-8CC9-DF0384AE5623}.Debug|Any CPU.Build.0 = Debug|Any CPU
		{1495A6CE-4988-4C70-8CC9-DF0384AE5623}.Release|Any CPU.ActiveCfg = Release|Any CPU
		{1495A6CE-4988-4C70-8CC9-DF0384AE5623}.Release|Any CPU.Build.0 = Release|Any CPU
		{9F953C90-BDD8-498D-8CCF-8542D7D2590B}.Debug|Any CPU.ActiveCfg = Debug|Any CPU
		{9F953C90-BDD8-498D-8CCF-8542D7D2590B}.Debug|Any CPU.Build.0 = Debug|Any CPU
		{9F953C90-BDD8-498D-8CCF-8542D7D2590B}.Release|Any CPU.ActiveCfg = Release|Any CPU
		{9F953C90-BDD8-498D-8CCF-8542D7D2590B}.Release|Any CPU.Build.0 = Release|Any CPU
		{6EC71F5E-5D64-4503-ACC2-D12D04CC7BC6}.Debug|Any CPU.ActiveCfg = Debug|Any CPU
		{6EC71F5E-5D64-4503-ACC2-D12D04CC7BC6}.Debug|Any CPU.Build.0 = Debug|Any CPU
		{6EC71F5E-5D64-4503-ACC2-D12D04CC7BC6}.Release|Any CPU.ActiveCfg = Release|Any CPU
		{6EC71F5E-5D64-4503-ACC2-D12D04CC7BC6}.Release|Any CPU.Build.0 = Release|Any CPU
	EndGlobalSection
	GlobalSection(SolutionProperties) = preSolution
		HideSolutionNode = FALSE
	EndGlobalSection
	GlobalSection(NestedProjects) = preSolution
		{6D7C839B-0C91-45F1-8CDA-D94632B7591D} = {438F5FA5-4217-4EF9-A80D-2703D01F6FB3}
		{C4E9EF60-0AC3-40C8-B5EA-3D23F71AAFC4} = {70A6EC48-1FA1-47A6-941F-0CF2DFFA381C}
		{6B5B1266-ED74-4931-8598-77E5114F15F3} = {7A3DCE09-4415-4D44-83EC-D6C5C0A1690F}
		{E05ECB5F-2D13-4807-B02D-3DE66C78C818} = {70A6EC48-1FA1-47A6-941F-0CF2DFFA381C}
		{1495A6CE-4988-4C70-8CC9-DF0384AE5623} = {70A6EC48-1FA1-47A6-941F-0CF2DFFA381C}
		{9F953C90-BDD8-498D-8CCF-8542D7D2590B} = {70A6EC48-1FA1-47A6-941F-0CF2DFFA381C}
		{6EC71F5E-5D64-4503-ACC2-D12D04CC7BC6} = {70A6EC48-1FA1-47A6-941F-0CF2DFFA381C}
	EndGlobalSection
	GlobalSection(ExtensibilityGlobals) = postSolution
		SolutionGuid = {FA9B4CA0-3F5F-4C5D-96A7-399C84D95ED9}
	EndGlobalSection
EndGlobal
